
Microsoft Visual Studio Solution File, Format Version 10.00
# Visual Studio 2008
Project("{FAE04EC0-301F-11D3-BF4B-00C04F79EFBC}") = "PortalCmd", "PortalCmd\PortalCmd.csproj", "{B1B08E9B-45B6-449C-A2D2-9F92E8C8F95E}"
EndProject
Project("{FAE04EC0-301F-11D3-BF4B-00C04F79EFBC}") = "SearchShip", "SearchShip\SearchShip.csproj", "{4EA97AE1-6BFC-48F8-92CF-57F33BA0C8B1}"
EndProject
Global
	GlobalSection(SolutionConfigurationPlatforms) = preSolution
		Debug|Any CPU = Debug|Any CPU
		Release|Any CPU = Release|Any CPU
	EndGlobalSection
	GlobalSection(ProjectConfigurationPlatforms) = postSolution
		{B1B08E9B-45B6-449C-A2D2-9F92E8C8F95E}.Debug|Any CPU.ActiveCfg = Debug|Any CPU
		{B1B08E9B-45B6-449C-A2D2-9F92E8C8F95E}.Debug|Any CPU.Build.0 = Debug|Any CPU
		{B1B08E9B-45B6-449C-A2D2-9F92E8C8F95E}.Release|Any CPU.ActiveCfg = Release|Any CPU
		{B1B08E9B-45B6-449C-A2D2-9F92E8C8F95E}.Release|Any CPU.Build.0 = Release|Any CPU
		{4EA97AE1-6BFC-48F8-92CF-57F33BA0C8B1}.Debug|Any CPU.ActiveCfg = Debug|Any CPU
		{4EA97AE1-6BFC-48F8-92CF-57F33BA0C8B1}.Debug|Any CPU.Build.0 = Debug|Any CPU
		{4EA97AE1-6BFC-48F8-92CF-57F33BA0C8B1}.Release|Any CPU.ActiveCfg = Release|Any CPU
		{4EA97AE1-6BFC-48F8-92CF-57F33BA0C8B1}.Release|Any CPU.Build.0 = Release|Any CPU
	EndGlobalSection
	GlobalSection(SolutionProperties) = preSolution
		HideSolutionNode = FALSE
	EndGlobalSection
EndGlobal
